<?xml version="1.0" encoding="utf-8"?>
<Project ToolsVersion="4.0" xmlns="http://schemas.microsoft.com/developer/msbuild/2003">
  <ItemGroup>
    <Filter Include="win32">
      <UniqueIdentifier>{84a8ebd7-7cf0-47f6-b75e-d441df67da40}</UniqueIdentifier>
    </Filter>
    <Filter Include="resource">
      <UniqueIdentifier>{715254bc-d70b-4ec5-bf29-467dd3ace079}</UniqueIdentifier>
    </Filter>
    <Filter Include="src">
      <UniqueIdentifier>{bb6c862e-70e9-49d9-81b7-3829a6f50471}</UniqueIdentifier>
    </Filter>
  </ItemGroup>
  <ItemGroup>
    <ClCompile Include="main.cpp">
      <Filter>win32</Filter>
    </ClCompile>
    <ClCompile Include="..\Classes\AppDelegate.cpp">
      <Filter>src</Filter>
    </ClCompile>
    <ClCompile Include="..\Classes\HelloWorldScene.cpp">
      <Filter>src</Filter>
    </ClCompile>
    <ClCompile Include="..\Classes\Character.cpp">
      <Filter>src</Filter>
    </ClCompile>
    <ClCompile Include="..\Classes\GameMaster.cpp">
      <Filter>src</Filter>
    </ClCompile>
    <ClCompile Include="..\Classes\GameWorld.cpp">
      <Filter>src</Filter>
    </ClCompile>
    <ClCompile Include="..\Classes\Squad.cpp">
      <Filter>src</Filter>
    </ClCompile>
    <ClCompile Include="..\Classes\Card.cpp">
      <Filter>src</Filter>
    </ClCompile>
    <ClCompile Include="..\Classes\CharacterCreator.cpp">
      <Filter>src</Filter>
    </ClCompile>
    <ClCompile Include="..\Classes\Bar.cpp">
      <Filter>src</Filter>
    </ClCompile>
    <ClCompile Include="..\Classes\Tower.cpp">
      <Filter>src</Filter>
    </ClCompile>
    <ClCompile Include="..\Classes\GameAi.cpp">
      <Filter>src</Filter>
    </ClCompile>
    <ClCompile Include="..\Classes\MainMenuScene.cpp">
      <Filter>src</Filter>
    </ClCompile>
    <ClCompile Include="..\Classes\PauseScene.cpp">
      <Filter>src</Filter>
    </ClCompile>
  </ItemGroup>
  <ItemGroup>
    <ClInclude Include="main.h">
      <Filter>win32</Filter>
    </ClInclude>
    <ClInclude Include="..\Classes\AppDelegate.h">
      <Filter>src</Filter>
    </ClInclude>
    <ClInclude Include="..\Classes\HelloWorldScene.h">
      <Filter>src</Filter>
    </ClInclude>
    <ClInclude Include="..\Classes\Character.h">
      <Filter>src</Filter>
    </ClInclude>
    <ClInclude Include="..\Classes\GameMaster.h">
      <Filter>src</Filter>
    </ClInclude>
    <ClInclude Include="..\Classes\GameWorld.h">
      <Filter>src</Filter>
    </ClInclude>
    <ClInclude Include="..\Classes\Squad.h">
      <Filter>src</Filter>
    </ClInclude>
    <ClInclude Include="..\Classes\Card.h">
      <Filter>src</Filter>
    </ClInclude>
    <ClInclude Include="..\Classes\CharacterCreator.h">
      <Filter>src</Filter>
    </ClInclude>
    <ClInclude Include="..\Classes\Bar.h">
      <Filter>src</Filter>
    </ClInclude>
    <ClInclude Include="..\Classes\Tower.h">
      <Filter>src</Filter>
    </ClInclude>
    <ClInclude Include="..\Classes\GameAi.h">
      <Filter>src</Filter>
    </ClInclude>
    <ClInclude Include="..\Classes\MainMenuScene.h">
      <Filter>src</Filter>
    </ClInclude>
    <ClInclude Include="..\Classes\PauseScene.h">
      <Filter>src</Filter>
    </ClInclude>
  </ItemGroup>
  <ItemGroup>
    <ResourceCompile Include="game.rc">
      <Filter>resource</Filter>
    </ResourceCompile>
  </ItemGroup>
  <ItemGroup>
    <None Include="..\Resources\AIGame_map.tmx">
      <Filter>resource</Filter>
    </None>
    <None Include="..\Resources\character.plist">
      <Filter>resource</Filter>
    </None>
  </ItemGroup>
  <ItemGroup>
    <Image Include="..\Resources\background.png">
      <Filter>resource</Filter>
    </Image>
    <Image Include="..\Resources\castle.png">
      <Filter>resource</Filter>
    </Image>
    <Image Include="..\Resources\castle_orginal.png">
      <Filter>resource</Filter>
    </Image>
    <Image Include="..\Resources\character.png">
      <Filter>resource</Filter>
    </Image>
    <Image Include="..\Resources\enemy_castle.png">
      <Filter>resource</Filter>
    </Image>
    <Image Include="..\Resources\enemy_castle_orignal.png">
      <Filter>resource</Filter>
    </Image>
    <Image Include="..\Resources\image.png">
      <Filter>resource</Filter>
    </Image>
    <Image Include="..\Resources\moveCharacter1.png">
      <Filter>resource</Filter>
    </Image>
    <Image Include="..\Resources\terrain.png">
      <Filter>resource</Filter>
    </Image>
    <Image Include="..\Resources\tile_ele.png">
      <Filter>resource</Filter>
    </Image>
    <Image Include="..\Resources\TileNature.png">
      <Filter>resource</Filter>
    </Image>
    <Image Include="..\Resources\TileNature_1.png">
      <Filter>resource</Filter>
    </Image>
    <Image Include="..\Resources\tiletile.png">
      <Filter>resource</Filter>
    </Image>
    <Image Include="..\Resources\tmw_desert_spacing.png">
      <Filter>resource</Filter>
    </Image>
    <Image Include="..\Resources\tower.png">
      <Filter>resource</Filter>
    </Image>
    <Image Include="..\Resources\tower_1.png">
      <Filter>resource</Filter>
    </Image>
    <Image Include="..\Resources\moveCharacter2.png">
      <Filter>resource</Filter>
    </Image>
    <Image Include="..\Resources\moveCharacter3.png">
      <Filter>resource</Filter>
    </Image>
    <Image Include="..\Resources\moveCharacter4.png">
      <Filter>resource</Filter>
    </Image>
    <Image Include="..\Resources\moveCharacter5.png">
      <Filter>resource</Filter>
    </Image>
    <Image Include="..\Resources\moveCharacter6.png">
      <Filter>resource</Filter>
    </Image>
    <Image Include="..\Resources\HP_bar.png">
      <Filter>resource</Filter>
    </Image>
    <Image Include="..\Resources\mainmenu.jpg">
      <Filter>resource</Filter>
    </Image>
    <Image Include="..\Resources\moveCharacter8.png">
      <Filter>resource</Filter>
    </Image>
    <Image Include="..\Resources\moveCharacter9.png">
      <Filter>resource</Filter>
    </Image>
    <Image Include="..\Resources\moveCharacter10.png">
      <Filter>resource</Filter>
    </Image>
  </ItemGroup>
  <ItemGroup>
    <Media Include="..\Resources\BG.mp3">
      <Filter>resource</Filter>
    </Media>
    <Media Include="..\Resources\misc_menu_4.wav">
      <Filter>resource</Filter>
    </Media>
    <Media Include="..\Resources\negative.wav">
      <Filter>resource</Filter>
    </Media>
    <Media Include="..\Resources\positive.wav">
      <Filter>resource</Filter>
    </Media>
    <Media Include="..\Resources\sharp_echo.wav">
      <Filter>resource</Filter>
    </Media>
  </ItemGroup>
</Project>